
Microsoft Visual Studio Solution File, Format Version 12.00
# Visual Studio Version 17
VisualStudioVersion = 17.14.36408.4 d17.14
MinimumVisualStudioVersion = 10.0.40219.1
Project("{FAE04EC0-301F-11D3-BF4B-00C04F79EFBC}") = "MiddlewareExample", "MiddlewareExample\MiddlewareExample.csproj", "{909F02ED-14DD-4E83-BCA8-EEF9842333CD}"
EndProject
Global
	GlobalSection(SolutionConfigurationPlatforms) = preSolution
		Debug|Any CPU = Debug|Any CPU
		Release|Any CPU = Release|Any CPU
	EndGlobalSection
	GlobalSection(ProjectConfigurationPlatforms) = postSolution
		{909F02ED-14DD-4E83-BCA8-EEF9842333CD}.Debug|Any CPU.ActiveCfg = Debug|Any CPU
		{909F02ED-14DD-4E83-BCA8-EEF9842333CD}.Debug|Any CPU.Build.0 = Debug|Any CPU
		{909F02ED-14DD-4E83-BCA8-EEF9842333CD}.Release|Any CPU.ActiveCfg = Release|Any CPU
		{909F02ED-14DD-4E83-BCA8-EEF9842333CD}.Release|Any CPU.Build.0 = Release|Any CPU
	EndGlobalSection
	GlobalSection(SolutionProperties) = preSolution
		HideSolutionNode = FALSE
	EndGlobalSection
	GlobalSection(ExtensibilityGlobals) = postSolution
		SolutionGuid = {5846D57A-D780-48A6-940B-A545D4DF1A06}
	EndGlobalSection
EndGlobal
